
Microsoft Visual Studio Solution File, Format Version 12.00
# Visual Studio Version 17
VisualStudioVersion = 17.0.32126.317
MinimumVisualStudioVersion = 10.0.40219.1
Project("{FAE04EC0-301F-11D3-BF4B-00C04F79EFBC}") = "TH7_Bai1", "TH7_Bai1.csproj", "{5E7F3293-56E0-4DC3-82B6-030563F8C6B1}"
EndProject
Global
	GlobalSection(SolutionConfigurationPlatforms) = preSolution
		Debug|Any CPU = Debug|Any CPU
		Release|Any CPU = Release|Any CPU
	EndGlobalSection
	GlobalSection(ProjectConfigurationPlatforms) = postSolution
		{5E7F3293-56E0-4DC3-82B6-030563F8C6B1}.Debug|Any CPU.ActiveCfg = Debug|Any CPU
		{5E7F3293-56E0-4DC3-82B6-030563F8C6B1}.Debug|Any CPU.Build.0 = Debug|Any CPU
		{5E7F3293-56E0-4DC3-82B6-030563F8C6B1}.Release|Any CPU.ActiveCfg = Release|Any CPU
		{5E7F3293-56E0-4DC3-82B6-030563F8C6B1}.Release|Any CPU.Build.0 = Release|Any CPU
	EndGlobalSection
	GlobalSection(SolutionProperties) = preSolution
		HideSolutionNode = FALSE
	EndGlobalSection
	GlobalSection(ExtensibilityGlobals) = postSolution
		SolutionGuid = {896BEB2C-C004-4728-8939-7AB4E8C5240A}
	EndGlobalSection
EndGlobal
