
Microsoft Visual Studio Solution File, Format Version 12.00
# Visual Studio Version 17
VisualStudioVersion = 17.0.32126.317
MinimumVisualStudioVersion = 10.0.40219.1
Project("{FAE04EC0-301F-11D3-BF4B-00C04F79EFBC}") = "ChuongTrinhBanSach", "ChuongTrinhBanSach.csproj", "{3CC84390-BAB5-4655-941F-5E24EA13F9FE}"
EndProject
Global
	GlobalSection(SolutionConfigurationPlatforms) = preSolution
		Debug|Any CPU = Debug|Any CPU
		Release|Any CPU = Release|Any CPU
	EndGlobalSection
	GlobalSection(ProjectConfigurationPlatforms) = postSolution
		{3CC84390-BAB5-4655-941F-5E24EA13F9FE}.Debug|Any CPU.ActiveCfg = Debug|Any CPU
		{3CC84390-BAB5-4655-941F-5E24EA13F9FE}.Debug|Any CPU.Build.0 = Debug|Any CPU
		{3CC84390-BAB5-4655-941F-5E24EA13F9FE}.Release|Any CPU.ActiveCfg = Release|Any CPU
		{3CC84390-BAB5-4655-941F-5E24EA13F9FE}.Release|Any CPU.Build.0 = Release|Any CPU
	EndGlobalSection
	GlobalSection(SolutionProperties) = preSolution
		HideSolutionNode = FALSE
	EndGlobalSection
	GlobalSection(ExtensibilityGlobals) = postSolution
		SolutionGuid = {BFE54C61-4D9D-4981-A2E9-6F25A1FB4C9F}
	EndGlobalSection
EndGlobal
