
Microsoft Visual Studio Solution File, Format Version 12.00
# Visual Studio Version 17
VisualStudioVersion = 17.0.32126.317
MinimumVisualStudioVersion = 10.0.40219.1
Project("{FAE04EC0-301F-11D3-BF4B-00C04F79EFBC}") = "Bai1", "Bai1.csproj", "{DC8FEBBE-F7A3-43F3-A6F7-D0BEE887F7E3}"
EndProject
Global
	GlobalSection(SolutionConfigurationPlatforms) = preSolution
		Debug|Any CPU = Debug|Any CPU
		Release|Any CPU = Release|Any CPU
	EndGlobalSection
	GlobalSection(ProjectConfigurationPlatforms) = postSolution
		{DC8FEBBE-F7A3-43F3-A6F7-D0BEE887F7E3}.Debug|Any CPU.ActiveCfg = Debug|Any CPU
		{DC8FEBBE-F7A3-43F3-A6F7-D0BEE887F7E3}.Debug|Any CPU.Build.0 = Debug|Any CPU
		{DC8FEBBE-F7A3-43F3-A6F7-D0BEE887F7E3}.Release|Any CPU.ActiveCfg = Release|Any CPU
		{DC8FEBBE-F7A3-43F3-A6F7-D0BEE887F7E3}.Release|Any CPU.Build.0 = Release|Any CPU
	EndGlobalSection
	GlobalSection(SolutionProperties) = preSolution
		HideSolutionNode = FALSE
	EndGlobalSection
	GlobalSection(ExtensibilityGlobals) = postSolution
		SolutionGuid = {69F965E2-9BBA-45C3-AB38-3C105114E68A}
	EndGlobalSection
EndGlobal
