
Microsoft Visual Studio Solution File, Format Version 12.00
# Visual Studio Version 17
VisualStudioVersion = 17.1.32228.430
MinimumVisualStudioVersion = 10.0.40219.1
Project("{FAE04EC0-301F-11D3-BF4B-00C04F79EFBC}") = "ThucHanhKetNoiSql", "ThucHanhKetNoiSql\ThucHanhKetNoiSql.csproj", "{DB118AD5-EDD1-4033-A698-C818680FA10D}"
EndProject
Project("{FAE04EC0-301F-11D3-BF4B-00C04F79EFBC}") = "bai1", "bai1\bai1.csproj", "{BB686967-669F-4D95-B904-0FE1EB98E654}"
EndProject
Global
	GlobalSection(SolutionConfigurationPlatforms) = preSolution
		Debug|Any CPU = Debug|Any CPU
		Release|Any CPU = Release|Any CPU
	EndGlobalSection
	GlobalSection(ProjectConfigurationPlatforms) = postSolution
		{DB118AD5-EDD1-4033-A698-C818680FA10D}.Debug|Any CPU.ActiveCfg = Debug|Any CPU
		{DB118AD5-EDD1-4033-A698-C818680FA10D}.Debug|Any CPU.Build.0 = Debug|Any CPU
		{DB118AD5-EDD1-4033-A698-C818680FA10D}.Release|Any CPU.ActiveCfg = Release|Any CPU
		{DB118AD5-EDD1-4033-A698-C818680FA10D}.Release|Any CPU.Build.0 = Release|Any CPU
		{BB686967-669F-4D95-B904-0FE1EB98E654}.Debug|Any CPU.ActiveCfg = Debug|Any CPU
		{BB686967-669F-4D95-B904-0FE1EB98E654}.Debug|Any CPU.Build.0 = Debug|Any CPU
		{BB686967-669F-4D95-B904-0FE1EB98E654}.Release|Any CPU.ActiveCfg = Release|Any CPU
		{BB686967-669F-4D95-B904-0FE1EB98E654}.Release|Any CPU.Build.0 = Release|Any CPU
	EndGlobalSection
	GlobalSection(SolutionProperties) = preSolution
		HideSolutionNode = FALSE
	EndGlobalSection
	GlobalSection(ExtensibilityGlobals) = postSolution
		SolutionGuid = {DDA12DB7-C921-4B07-9811-8F4603D2118B}
	EndGlobalSection
EndGlobal
