
Microsoft Visual Studio Solution File, Format Version 12.00
# Visual Studio Version 17
VisualStudioVersion = 17.0.32126.317
MinimumVisualStudioVersion = 10.0.40219.1
Project("{FAE04EC0-301F-11D3-BF4B-00C04F79EFBC}") = "ktra", "ktra.csproj", "{A95743C3-443B-4426-A171-73DE83730BC5}"
EndProject
Global
	GlobalSection(SolutionConfigurationPlatforms) = preSolution
		Debug|Any CPU = Debug|Any CPU
		Release|Any CPU = Release|Any CPU
	EndGlobalSection
	GlobalSection(ProjectConfigurationPlatforms) = postSolution
		{A95743C3-443B-4426-A171-73DE83730BC5}.Debug|Any CPU.ActiveCfg = Debug|Any CPU
		{A95743C3-443B-4426-A171-73DE83730BC5}.Debug|Any CPU.Build.0 = Debug|Any CPU
		{A95743C3-443B-4426-A171-73DE83730BC5}.Release|Any CPU.ActiveCfg = Release|Any CPU
		{A95743C3-443B-4426-A171-73DE83730BC5}.Release|Any CPU.Build.0 = Release|Any CPU
	EndGlobalSection
	GlobalSection(SolutionProperties) = preSolution
		HideSolutionNode = FALSE
	EndGlobalSection
	GlobalSection(ExtensibilityGlobals) = postSolution
		SolutionGuid = {3FC88FF3-4282-4692-A910-447E2699BAA0}
	EndGlobalSection
EndGlobal
