
Microsoft Visual Studio Solution File, Format Version 12.00
# Visual Studio Version 16
VisualStudioVersion = 16.0.31515.178
MinimumVisualStudioVersion = 10.0.40219.1
Project("{9A19103F-16F7-4668-BE54-9A1E7A4F7556}") = "btap_lop", "btap_lop\btap_lop.csproj", "{692E7065-1494-43A7-84DC-746AC4BA3A14}"
EndProject
Project("{FAE04EC0-301F-11D3-BF4B-00C04F79EFBC}") = "bai2", "bai2\bai2.csproj", "{ECF9C8C0-0C8D-4EF5-B43F-A0327B92442E}"
EndProject
Global
	GlobalSection(SolutionConfigurationPlatforms) = preSolution
		Debug|Any CPU = Debug|Any CPU
		Release|Any CPU = Release|Any CPU
	EndGlobalSection
	GlobalSection(ProjectConfigurationPlatforms) = postSolution
		{692E7065-1494-43A7-84DC-746AC4BA3A14}.Debug|Any CPU.ActiveCfg = Debug|Any CPU
		{692E7065-1494-43A7-84DC-746AC4BA3A14}.Debug|Any CPU.Build.0 = Debug|Any CPU
		{692E7065-1494-43A7-84DC-746AC4BA3A14}.Release|Any CPU.ActiveCfg = Release|Any CPU
		{692E7065-1494-43A7-84DC-746AC4BA3A14}.Release|Any CPU.Build.0 = Release|Any CPU
		{ECF9C8C0-0C8D-4EF5-B43F-A0327B92442E}.Debug|Any CPU.ActiveCfg = Debug|Any CPU
		{ECF9C8C0-0C8D-4EF5-B43F-A0327B92442E}.Debug|Any CPU.Build.0 = Debug|Any CPU
		{ECF9C8C0-0C8D-4EF5-B43F-A0327B92442E}.Release|Any CPU.ActiveCfg = Release|Any CPU
		{ECF9C8C0-0C8D-4EF5-B43F-A0327B92442E}.Release|Any CPU.Build.0 = Release|Any CPU
	EndGlobalSection
	GlobalSection(SolutionProperties) = preSolution
		HideSolutionNode = FALSE
	EndGlobalSection
	GlobalSection(ExtensibilityGlobals) = postSolution
		SolutionGuid = {4A8E0A7A-BADE-4296-85CF-CFAC08EE79B3}
	EndGlobalSection
EndGlobal
