
Microsoft Visual Studio Solution File, Format Version 12.00
# Visual Studio Version 17
VisualStudioVersion = 17.1.32319.34
MinimumVisualStudioVersion = 10.0.40219.1
Project("{FAE04EC0-301F-11D3-BF4B-00C04F79EFBC}") = "TH8.1", "TH8.1\TH8.1.csproj", "{1F52E475-D270-40AA-84CA-ADA5C06AEB5C}"
EndProject
Project("{FAE04EC0-301F-11D3-BF4B-00C04F79EFBC}") = "TH8.2", "TH8.2\TH8.2.csproj", "{F4E7546A-9881-4B70-9D80-04E86DE0DEA9}"
EndProject
Project("{FAE04EC0-301F-11D3-BF4B-00C04F79EFBC}") = "WindowsFormsApp1", "WindowsFormsApp1\WindowsFormsApp1.csproj", "{3CEC3CAE-D802-4935-B614-87C6D3EFD1BE}"
EndProject
Global
	GlobalSection(SolutionConfigurationPlatforms) = preSolution
		Debug|Any CPU = Debug|Any CPU
		Release|Any CPU = Release|Any CPU
	EndGlobalSection
	GlobalSection(ProjectConfigurationPlatforms) = postSolution
		{1F52E475-D270-40AA-84CA-ADA5C06AEB5C}.Debug|Any CPU.ActiveCfg = Debug|Any CPU
		{1F52E475-D270-40AA-84CA-ADA5C06AEB5C}.Debug|Any CPU.Build.0 = Debug|Any CPU
		{1F52E475-D270-40AA-84CA-ADA5C06AEB5C}.Release|Any CPU.ActiveCfg = Release|Any CPU
		{1F52E475-D270-40AA-84CA-ADA5C06AEB5C}.Release|Any CPU.Build.0 = Release|Any CPU
		{F4E7546A-9881-4B70-9D80-04E86DE0DEA9}.Debug|Any CPU.ActiveCfg = Debug|Any CPU
		{F4E7546A-9881-4B70-9D80-04E86DE0DEA9}.Debug|Any CPU.Build.0 = Debug|Any CPU
		{F4E7546A-9881-4B70-9D80-04E86DE0DEA9}.Release|Any CPU.ActiveCfg = Release|Any CPU
		{F4E7546A-9881-4B70-9D80-04E86DE0DEA9}.Release|Any CPU.Build.0 = Release|Any CPU
		{3CEC3CAE-D802-4935-B614-87C6D3EFD1BE}.Debug|Any CPU.ActiveCfg = Debug|Any CPU
		{3CEC3CAE-D802-4935-B614-87C6D3EFD1BE}.Debug|Any CPU.Build.0 = Debug|Any CPU
		{3CEC3CAE-D802-4935-B614-87C6D3EFD1BE}.Release|Any CPU.ActiveCfg = Release|Any CPU
		{3CEC3CAE-D802-4935-B614-87C6D3EFD1BE}.Release|Any CPU.Build.0 = Release|Any CPU
	EndGlobalSection
	GlobalSection(SolutionProperties) = preSolution
		HideSolutionNode = FALSE
	EndGlobalSection
	GlobalSection(ExtensibilityGlobals) = postSolution
		SolutionGuid = {AF14BF03-4226-423B-9A98-33A4D3956A80}
	EndGlobalSection
EndGlobal
