
Microsoft Visual Studio Solution File, Format Version 12.00
# Visual Studio Version 17
VisualStudioVersion = 17.0.32126.317
MinimumVisualStudioVersion = 10.0.40219.1
Project("{FAE04EC0-301F-11D3-BF4B-00C04F79EFBC}") = "TH4_Bai1", "TH4_Bai1.csproj", "{F4022F8F-7FD8-41AF-B76E-66F220D9FFAE}"
EndProject
Global
	GlobalSection(SolutionConfigurationPlatforms) = preSolution
		Debug|Any CPU = Debug|Any CPU
		Release|Any CPU = Release|Any CPU
	EndGlobalSection
	GlobalSection(ProjectConfigurationPlatforms) = postSolution
		{F4022F8F-7FD8-41AF-B76E-66F220D9FFAE}.Debug|Any CPU.ActiveCfg = Debug|Any CPU
		{F4022F8F-7FD8-41AF-B76E-66F220D9FFAE}.Debug|Any CPU.Build.0 = Debug|Any CPU
		{F4022F8F-7FD8-41AF-B76E-66F220D9FFAE}.Release|Any CPU.ActiveCfg = Release|Any CPU
		{F4022F8F-7FD8-41AF-B76E-66F220D9FFAE}.Release|Any CPU.Build.0 = Release|Any CPU
	EndGlobalSection
	GlobalSection(SolutionProperties) = preSolution
		HideSolutionNode = FALSE
	EndGlobalSection
	GlobalSection(ExtensibilityGlobals) = postSolution
		SolutionGuid = {48784EDD-21A1-4783-9A9B-1B5309701BF1}
	EndGlobalSection
EndGlobal
